<?xml version="1.0" encoding="UTF-8" standalone="yes" ?>
<CodeBlocks_project_file>
	<FileVersion major="1" minor="6" />
	<Project>
		<Option title="CLIQUE" />
		<Option pch_mode="2" />
		<Option compiler="gcc" />
		<Build>
			<Target title="Debug">
				<Option output="bin/Debug/CLIQUE" prefix_auto="1" extension_auto="1" />
				<Option object_output="obj/Debug/" />
				<Option type="1" />
				<Option compiler="gcc" />
				<Compiler>
					<Add option="-g" />
				</Compiler>
			</Target>
			<Target title="Release">
				<Option output="bin/Release/CLIQUE" prefix_auto="1" extension_auto="1" />
				<Option object_output="obj/Release/" />
				<Option type="1" />
				<Option compiler="gcc" />
				<Compiler>
					<Add option="-O2" />
				</Compiler>
				<Linker>
					<Add option="-s" />
				</Linker>
			</Target>
		</Build>
		<Compiler>
			<Add option="-Wall" />
		</Compiler>
		<Unit filename="Clique.py" />
		<Unit filename="Target.data" />
		<Unit filename="clique.cpp" />
		<Unit filename="clique.hpp" />
		<Unit filename="clique_block.cpp" />
		<Unit filename="clique_block.hpp" />
		<Unit filename="clique_data.hpp" />
		<Unit filename="clique_interface.cpp" />
		<Unit filename="clique_interface.h" />
		<Unit filename="cluster_data.cpp" />
		<Unit filename="cluster_data.hpp" />
		<Unit filename="definitions.hpp" />
		<Unit filename="main.cpp" />
		<Unit filename="mouse.data" />
		<Unit filename="pyclustering_interface.cpp" />
		<Unit filename="pyclustering_interface.h" />
		<Unit filename="pyclustering_package.cpp" />
		<Unit filename="pyclustering_package.hpp" />
		<Unit filename="traits.hpp" />
		<Extensions>
			<lib_finder disable_auto="1" />
		</Extensions>
	</Project>
</CodeBlocks_project_file>
